
Microsoft Visual Studio Solution File, Format Version 12.00
# Visual Studio Version 17
VisualStudioVersion = 17.1.32328.378
MinimumVisualStudioVersion = 10.0.40219.1
Project("{FAE04EC0-301F-11D3-BF4B-00C04F79EFBC}") = "aula logica de programacao 22.06.2022", "aula logica de programacao 22.06.2022.csproj", "{1ED89DFC-8E37-4172-932A-FCCF270F9D07}"
EndProject
Global
	GlobalSection(SolutionConfigurationPlatforms) = preSolution
		Debug|Any CPU = Debug|Any CPU
		Release|Any CPU = Release|Any CPU
	EndGlobalSection
	GlobalSection(ProjectConfigurationPlatforms) = postSolution
		{1ED89DFC-8E37-4172-932A-FCCF270F9D07}.Debug|Any CPU.ActiveCfg = Debug|Any CPU
		{1ED89DFC-8E37-4172-932A-FCCF270F9D07}.Debug|Any CPU.Build.0 = Debug|Any CPU
		{1ED89DFC-8E37-4172-932A-FCCF270F9D07}.Release|Any CPU.ActiveCfg = Release|Any CPU
		{1ED89DFC-8E37-4172-932A-FCCF270F9D07}.Release|Any CPU.Build.0 = Release|Any CPU
	EndGlobalSection
	GlobalSection(SolutionProperties) = preSolution
		HideSolutionNode = FALSE
	EndGlobalSection
	GlobalSection(ExtensibilityGlobals) = postSolution
		SolutionGuid = {65AB409A-97D1-4F39-B4B6-D383283AB5F8}
	EndGlobalSection
EndGlobal
